
Microsoft Visual Studio Solution File, Format Version 12.00
# Visual Studio Version 17
VisualStudioVersion = 17.10.35122.118
MinimumVisualStudioVersion = 10.0.40219.1
Project("{FAE04EC0-301F-11D3-BF4B-00C04F79EFBC}") = "Server", "Server\Server.csproj", "{8B1DEBE7-9F83-4CF1-8879-A454A7F069E5}"
EndProject
Project("{FAE04EC0-301F-11D3-BF4B-00C04F79EFBC}") = "Client", "Client\Client.csproj", "{262DAEFC-5113-41E0-B675-B9CA9E34F7FB}"
EndProject
Project("{FAE04EC0-301F-11D3-BF4B-00C04F79EFBC}") = "BaseLibrary", "BaseLibrary\BaseLibrary.csproj", "{D28AADF7-A015-41AE-9EB4-27DB2703A660}"
EndProject
Project("{FAE04EC0-301F-11D3-BF4B-00C04F79EFBC}") = "ClientLibrary", "ClientLibrary\ClientLibrary.csproj", "{0EEB18BB-C350-4C11-8866-04C2403F85A9}"
EndProject
Project("{FAE04EC0-301F-11D3-BF4B-00C04F79EFBC}") = "ServerLibrary", "ServerLibrary\ServerLibrary.csproj", "{B29A5418-F4FF-4865-84AF-23DF3304DD08}"
EndProject
Global
	GlobalSection(SolutionConfigurationPlatforms) = preSolution
		Debug|Any CPU = Debug|Any CPU
		Release|Any CPU = Release|Any CPU
	EndGlobalSection
	GlobalSection(ProjectConfigurationPlatforms) = postSolution
		{8B1DEBE7-9F83-4CF1-8879-A454A7F069E5}.Debug|Any CPU.ActiveCfg = Debug|Any CPU
		{8B1DEBE7-9F83-4CF1-8879-A454A7F069E5}.Debug|Any CPU.Build.0 = Debug|Any CPU
		{8B1DEBE7-9F83-4CF1-8879-A454A7F069E5}.Release|Any CPU.ActiveCfg = Release|Any CPU
		{8B1DEBE7-9F83-4CF1-8879-A454A7F069E5}.Release|Any CPU.Build.0 = Release|Any CPU
		{262DAEFC-5113-41E0-B675-B9CA9E34F7FB}.Debug|Any CPU.ActiveCfg = Debug|Any CPU
		{262DAEFC-5113-41E0-B675-B9CA9E34F7FB}.Debug|Any CPU.Build.0 = Debug|Any CPU
		{262DAEFC-5113-41E0-B675-B9CA9E34F7FB}.Release|Any CPU.ActiveCfg = Release|Any CPU
		{262DAEFC-5113-41E0-B675-B9CA9E34F7FB}.Release|Any CPU.Build.0 = Release|Any CPU
		{D28AADF7-A015-41AE-9EB4-27DB2703A660}.Debug|Any CPU.ActiveCfg = Debug|Any CPU
		{D28AADF7-A015-41AE-9EB4-27DB2703A660}.Debug|Any CPU.Build.0 = Debug|Any CPU
		{D28AADF7-A015-41AE-9EB4-27DB2703A660}.Release|Any CPU.ActiveCfg = Release|Any CPU
		{D28AADF7-A015-41AE-9EB4-27DB2703A660}.Release|Any CPU.Build.0 = Release|Any CPU
		{0EEB18BB-C350-4C11-8866-04C2403F85A9}.Debug|Any CPU.ActiveCfg = Debug|Any CPU
		{0EEB18BB-C350-4C11-8866-04C2403F85A9}.Debug|Any CPU.Build.0 = Debug|Any CPU
		{0EEB18BB-C350-4C11-8866-04C2403F85A9}.Release|Any CPU.ActiveCfg = Release|Any CPU
		{0EEB18BB-C350-4C11-8866-04C2403F85A9}.Release|Any CPU.Build.0 = Release|Any CPU
		{B29A5418-F4FF-4865-84AF-23DF3304DD08}.Debug|Any CPU.ActiveCfg = Debug|Any CPU
		{B29A5418-F4FF-4865-84AF-23DF3304DD08}.Debug|Any CPU.Build.0 = Debug|Any CPU
		{B29A5418-F4FF-4865-84AF-23DF3304DD08}.Release|Any CPU.ActiveCfg = Release|Any CPU
		{B29A5418-F4FF-4865-84AF-23DF3304DD08}.Release|Any CPU.Build.0 = Release|Any CPU
	EndGlobalSection
	GlobalSection(SolutionProperties) = preSolution
		HideSolutionNode = FALSE
	EndGlobalSection
	GlobalSection(ExtensibilityGlobals) = postSolution
		SolutionGuid = {BBF5D3DA-D639-43B1-973D-E5FCE2696F06}
	EndGlobalSection
EndGlobal
